
Microsoft Visual Studio Solution File, Format Version 12.00
# Visual Studio 15
VisualStudioVersion = 15.0.26730.10
MinimumVisualStudioVersion = 10.0.40219.1
Project("{2150E333-8FDC-42A3-9474-1A3956D46DE8}") = "UI", "UI", "{55F4D182-F987-4155-8345-59DB3B9C419A}"
EndProject
Project("{2150E333-8FDC-42A3-9474-1A3956D46DE8}") = "Layers", "Layers", "{158D5764-1739-46BC-B29C-921B97CD87D6}"
EndProject
Project("{2150E333-8FDC-42A3-9474-1A3956D46DE8}") = "Database", "Database", "{FC52F357-93AA-458E-AAB0-8D8EEC3D0805}"
EndProject
Project("{2150E333-8FDC-42A3-9474-1A3956D46DE8}") = "Core", "Core", "{15B9BE6E-1F1E-4D29-8A72-479A9120B89E}"
EndProject
Project("{2150E333-8FDC-42A3-9474-1A3956D46DE8}") = "Admin", "Admin", "{A2371FD1-9477-4F4B-AD74-5702B7F96688}"
EndProject
Project("{2150E333-8FDC-42A3-9474-1A3956D46DE8}") = "Portal", "Portal", "{985B8C3B-6C46-486D-A876-152D44DAA4BA}"
EndProject
Project("{2150E333-8FDC-42A3-9474-1A3956D46DE8}") = "Documents", "Documents", "{CA2C890F-D7E4-4BD7-99C1-A00A3A7EB138}"
	ProjectSection(SolutionItems) = preProject
		Documents\BegetSkill.xlsx = Documents\BegetSkill.xlsx
	EndProjectSection
EndProject
Project("{FAE04EC0-301F-11D3-BF4B-00C04F79EFBC}") = "Portal.UI", "UI\Portal\Portal.UI\Portal.UI.csproj", "{2574F603-4B6C-4A30-BFDD-E3BC09EEDFDF}"
EndProject
Global
	GlobalSection(SolutionConfigurationPlatforms) = preSolution
		Debug|Any CPU = Debug|Any CPU
		Release|Any CPU = Release|Any CPU
	EndGlobalSection
	GlobalSection(ProjectConfigurationPlatforms) = postSolution
		{2574F603-4B6C-4A30-BFDD-E3BC09EEDFDF}.Debug|Any CPU.ActiveCfg = Debug|Any CPU
		{2574F603-4B6C-4A30-BFDD-E3BC09EEDFDF}.Debug|Any CPU.Build.0 = Debug|Any CPU
		{2574F603-4B6C-4A30-BFDD-E3BC09EEDFDF}.Release|Any CPU.ActiveCfg = Release|Any CPU
		{2574F603-4B6C-4A30-BFDD-E3BC09EEDFDF}.Release|Any CPU.Build.0 = Release|Any CPU
	EndGlobalSection
	GlobalSection(SolutionProperties) = preSolution
		HideSolutionNode = FALSE
	EndGlobalSection
	GlobalSection(NestedProjects) = preSolution
		{A2371FD1-9477-4F4B-AD74-5702B7F96688} = {55F4D182-F987-4155-8345-59DB3B9C419A}
		{985B8C3B-6C46-486D-A876-152D44DAA4BA} = {55F4D182-F987-4155-8345-59DB3B9C419A}
		{2574F603-4B6C-4A30-BFDD-E3BC09EEDFDF} = {985B8C3B-6C46-486D-A876-152D44DAA4BA}
	EndGlobalSection
	GlobalSection(ExtensibilityGlobals) = postSolution
		SolutionGuid = {A7058B68-582F-4404-A7AB-A9B31593DF6A}
	EndGlobalSection
EndGlobal
